
Microsoft Visual Studio Solution File, Format Version 12.00
# Visual Studio Version 16
VisualStudioVersion = 16.0.31624.102
MinimumVisualStudioVersion = 10.0.40219.1
Project("{9A19103F-16F7-4668-BE54-9A1E7A4F7556}") = "Bike", "Bike\Bike.csproj", "{97F77A1F-1C63-4173-A814-69421F185F71}"
EndProject
Project("{9A19103F-16F7-4668-BE54-9A1E7A4F7556}") = "BikeTests", "BikeTests\BikeTests.csproj", "{A8320791-1220-443F-A679-1AD37FAAC528}"
EndProject
Project("{9A19103F-16F7-4668-BE54-9A1E7A4F7556}") = "RESTBike", "RESTBike\RESTBike.csproj", "{48687E77-A2AF-426E-A2C5-5AA3C46686E3}"
EndProject
Project("{FAE04EC0-301F-11D3-BF4B-00C04F79EFBC}") = "UDPListener", "..\UDPListener\UDPListener.csproj", "{2EC9485F-1ACB-4C5F-AB66-7A60B803E78F}"
EndProject
Project("{FAE04EC0-301F-11D3-BF4B-00C04F79EFBC}") = "UDPBroadcast", "UDPBroadcast\UDPBroadcast.csproj", "{01F82DAD-79E0-4CFC-84D6-9B5C670DD66B}"
EndProject
Global
	GlobalSection(SolutionConfigurationPlatforms) = preSolution
		Debug|Any CPU = Debug|Any CPU
		Release|Any CPU = Release|Any CPU
	EndGlobalSection
	GlobalSection(ProjectConfigurationPlatforms) = postSolution
		{97F77A1F-1C63-4173-A814-69421F185F71}.Debug|Any CPU.ActiveCfg = Debug|Any CPU
		{97F77A1F-1C63-4173-A814-69421F185F71}.Debug|Any CPU.Build.0 = Debug|Any CPU
		{97F77A1F-1C63-4173-A814-69421F185F71}.Release|Any CPU.ActiveCfg = Release|Any CPU
		{97F77A1F-1C63-4173-A814-69421F185F71}.Release|Any CPU.Build.0 = Release|Any CPU
		{A8320791-1220-443F-A679-1AD37FAAC528}.Debug|Any CPU.ActiveCfg = Debug|Any CPU
		{A8320791-1220-443F-A679-1AD37FAAC528}.Debug|Any CPU.Build.0 = Debug|Any CPU
		{A8320791-1220-443F-A679-1AD37FAAC528}.Release|Any CPU.ActiveCfg = Release|Any CPU
		{A8320791-1220-443F-A679-1AD37FAAC528}.Release|Any CPU.Build.0 = Release|Any CPU
		{48687E77-A2AF-426E-A2C5-5AA3C46686E3}.Debug|Any CPU.ActiveCfg = Debug|Any CPU
		{48687E77-A2AF-426E-A2C5-5AA3C46686E3}.Debug|Any CPU.Build.0 = Debug|Any CPU
		{48687E77-A2AF-426E-A2C5-5AA3C46686E3}.Release|Any CPU.ActiveCfg = Release|Any CPU
		{48687E77-A2AF-426E-A2C5-5AA3C46686E3}.Release|Any CPU.Build.0 = Release|Any CPU
		{2EC9485F-1ACB-4C5F-AB66-7A60B803E78F}.Debug|Any CPU.ActiveCfg = Debug|Any CPU
		{2EC9485F-1ACB-4C5F-AB66-7A60B803E78F}.Debug|Any CPU.Build.0 = Debug|Any CPU
		{2EC9485F-1ACB-4C5F-AB66-7A60B803E78F}.Release|Any CPU.ActiveCfg = Release|Any CPU
		{2EC9485F-1ACB-4C5F-AB66-7A60B803E78F}.Release|Any CPU.Build.0 = Release|Any CPU
		{01F82DAD-79E0-4CFC-84D6-9B5C670DD66B}.Debug|Any CPU.ActiveCfg = Debug|Any CPU
		{01F82DAD-79E0-4CFC-84D6-9B5C670DD66B}.Debug|Any CPU.Build.0 = Debug|Any CPU
		{01F82DAD-79E0-4CFC-84D6-9B5C670DD66B}.Release|Any CPU.ActiveCfg = Release|Any CPU
		{01F82DAD-79E0-4CFC-84D6-9B5C670DD66B}.Release|Any CPU.Build.0 = Release|Any CPU
	EndGlobalSection
	GlobalSection(SolutionProperties) = preSolution
		HideSolutionNode = FALSE
	EndGlobalSection
	GlobalSection(ExtensibilityGlobals) = postSolution
		SolutionGuid = {30AF12F8-E747-4FEB-9C20-0945D5C5AF3E}
	EndGlobalSection
EndGlobal
